<Solution>
  <Project Path="BPM.Web.API/BPM.Web.API.csproj" />
  <Project Path="BPM.Web.Distributor.UI/BPM.Web.Distributor.UI.csproj" Id="00e42427-5ae3-4efd-bee7-a942767977a6" />
  <Project Path="BPM.Web.Identity.API/BPM.Web.Identity.API.csproj" Id="536d4c5e-a5d6-4b17-890c-dc025d34dac0" />
</Solution>
